{
  "lockfileVersion": 1,
  "configVersion": 1,
  "workspaces": {
    "": {
      "name": "fontstyles",
      "devDependencies": {
        "tinymce": "8.2.2",
      },
    },
  },
  "packages": {
    "tinymce": ["tinymce@8.2.2", "", {}, "sha512-CFDSZwciMvFGW2czK/Xig1HcOGpXI0qcQMIqaIcG2F4RuuTdf+LQTreyEZunAJoFTQ9L0KAugOqL7OA5TJkoAA=="],
  }
}
